// !$*UTF8*$!
{
	archiveVersion = 1;
	classes = {
	};
	objectVersion = 46;
	objects = {

/* Begin PBXBuildFile section */
		04B0361E1BAE9FBE00237344 /* main.m in Sources */ = {isa = PBXBuildFile; fileRef = 04B0361D1BAE9FBE00237344 /* main.m */; };
		04B036211BAE9FBE00237344 /* AppDelegate.m in Sources */ = {isa = PBXBuildFile; fileRef = 04B036201BAE9FBE00237344 /* AppDelegate.m */; };
		04B036241BAE9FBE00237344 /* ViewController.m in Sources */ = {isa = PBXBuildFile; fileRef = 04B036231BAE9FBE00237344 /* ViewController.m */; };
		04B036271BAE9FBE00237344 /* Main.storyboard in Resources */ = {isa = PBXBuildFile; fileRef = 04B036251BAE9FBE00237344 /* Main.storyboard */; };
		04B036291BAE9FBE00237344 /* Images.xcassets in Resources */ = {isa = PBXBuildFile; fileRef = 04B036281BAE9FBE00237344 /* Images.xcassets */; };
		04B0362C1BAE9FBE00237344 /* LaunchScreen.xib in Resources */ = {isa = PBXBuildFile; fileRef = 04B0362A1BAE9FBE00237344 /* LaunchScreen.xib */; };
		04B036381BAE9FBE00237344 /* CrazyDragTests.m in Sources */ = {isa = PBXBuildFile; fileRef = 04B036371BAE9FBE00237344 /* CrazyDragTests.m */; };
		04B0364C1BAEE50800237344 /* AboutViewController.m in Sources */ = {isa = PBXBuildFile; fileRef = 04B0364A1BAEE50800237344 /* AboutViewController.m */; };
		04B0364D1BAEE50800237344 /* AboutViewController.xib in Resources */ = {isa = PBXBuildFile; fileRef = 04B0364B1BAEE50800237344 /* AboutViewController.xib */; };
/* End PBXBuildFile section */

/* Begin PBXContainerItemProxy section */
		04B036321BAE9FBE00237344 /* PBXContainerItemProxy */ = {
			isa = PBXContainerItemProxy;
			containerPortal = 04B036101BAE9FBE00237344 /* Project object */;
			proxyType = 1;
			remoteGlobalIDString = 04B036171BAE9FBE00237344;
			remoteInfo = CrazyDrag;
		};
/* End PBXContainerItemProxy section */

/* Begin PBXFileReference section */
		04B036181BAE9FBE00237344 /* CrazyDrag.app */ = {isa = PBXFileReference; explicitFileType = wrapper.application; includeInIndex = 0; path = CrazyDrag.app; sourceTree = BUILT_PRODUCTS_DIR; };
		04B0361C1BAE9FBE00237344 /* Info.plist */ = {isa = PBXFileReference; lastKnownFileType = text.plist.xml; path = Info.plist; sourceTree = "<group>"; };
		04B0361D1BAE9FBE00237344 /* main.m */ = {isa = PBXFileReference; lastKnownFileType = sourcecode.c.objc; path = main.m; sourceTree = "<group>"; };
		04B0361F1BAE9FBE00237344 /* AppDelegate.h */ = {isa = PBXFileReference; lastKnownFileType = sourcecode.c.h; path = AppDelegate.h; sourceTree = "<group>"; };
		04B036201BAE9FBE00237344 /* AppDelegate.m */ = {isa = PBXFileReference; lastKnownFileType = sourcecode.c.objc; path = AppDelegate.m; sourceTree = "<group>"; };
		04B036221BAE9FBE00237344 /* ViewController.h */ = {isa = PBXFileReference; lastKnownFileType = sourcecode.c.h; path = ViewController.h; sourceTree = "<group>"; };
		04B036231BAE9FBE00237344 /* ViewController.m */ = {isa = PBXFileReference; lastKnownFileType = sourcecode.c.objc; path = ViewController.m; sourceTree = "<group>"; };
		04B036261BAE9FBE00237344 /* Base */ = {isa = PBXFileReference; lastKnownFileType = file.storyboard; name = Base; path = Base.lproj/Main.storyboard; sourceTree = "<group>"; };
		04B036281BAE9FBE00237344 /* Images.xcassets */ = {isa = PBXFileReference; lastKnownFileType = folder.assetcatalog; path = Images.xcassets; sourceTree = "<group>"; };
		04B0362B1BAE9FBE00237344 /* Base */ = {isa = PBXFileReference; lastKnownFileType = file.xib; name = Base; path = Base.lproj/LaunchScreen.xib; sourceTree = "<group>"; };
		04B036311BAE9FBE00237344 /* CrazyDragTests.xctest */ = {isa = PBXFileReference; explicitFileType = wrapper.cfbundle; includeInIndex = 0; path = CrazyDragTests.xctest; sourceTree = BUILT_PRODUCTS_DIR; };
		04B036361BAE9FBE00237344 /* Info.plist */ = {isa = PBXFileReference; lastKnownFileType = text.plist.xml; path = Info.plist; sourceTree = "<group>"; };
		04B036371BAE9FBE00237344 /* CrazyDragTests.m */ = {isa = PBXFileReference; lastKnownFileType = sourcecode.c.objc; path = CrazyDragTests.m; sourceTree = "<group>"; };
		04B036491BAEE50800237344 /* AboutViewController.h */ = {isa = PBXFileReference; fileEncoding = 4; lastKnownFileType = sourcecode.c.h; path = AboutViewController.h; sourceTree = "<group>"; };
		04B0364A1BAEE50800237344 /* AboutViewController.m */ = {isa = PBXFileReference; fileEncoding = 4; lastKnownFileType = sourcecode.c.objc; path = AboutViewController.m; sourceTree = "<group>"; };
		04B0364B1BAEE50800237344 /* AboutViewController.xib */ = {isa = PBXFileReference; fileEncoding = 4; lastKnownFileType = file.xib; path = AboutViewController.xib; sourceTree = "<group>"; };
/* End PBXFileReference section */

/* Begin PBXFrameworksBuildPhase section */
		04B036151BAE9FBE00237344 /* Frameworks */ = {
			isa = PBXFrameworksBuildPhase;
			buildActionMask = 2147483647;
			files = (
			);
			runOnlyForDeploymentPostprocessing = 0;
		};
		04B0362E1BAE9FBE00237344 /* Frameworks */ = {
			isa = PBXFrameworksBuildPhase;
			buildActionMask = 2147483647;
			files = (
			);
			runOnlyForDeploymentPostprocessing = 0;
		};
/* End PBXFrameworksBuildPhase section */

/* Begin PBXGroup section */
		04B0360F1BAE9FBE00237344 = {
			isa = PBXGroup;
			children = (
				04B0361A1BAE9FBE00237344 /* CrazyDrag */,
				04B036341BAE9FBE00237344 /* CrazyDragTests */,
				04B036191BAE9FBE00237344 /* Products */,
			);
			sourceTree = "<group>";
		};
		04B036191BAE9FBE00237344 /* Products */ = {
			isa = PBXGroup;
			children = (
				04B036181BAE9FBE00237344 /* CrazyDrag.app */,
				04B036311BAE9FBE00237344 /* CrazyDragTests.xctest */,
			);
			name = Products;
			sourceTree = "<group>";
		};
		04B0361A1BAE9FBE00237344 /* CrazyDrag */ = {
			isa = PBXGroup;
			children = (
				04B036221BAE9FBE00237344 /* ViewController.h */,
				04B036231BAE9FBE00237344 /* ViewController.m */,
				04B036491BAEE50800237344 /* AboutViewController.h */,
				04B0364A1BAEE50800237344 /* AboutViewController.m */,
				04B0364B1BAEE50800237344 /* AboutViewController.xib */,
				04B036251BAE9FBE00237344 /* Main.storyboard */,
				04B036281BAE9FBE00237344 /* Images.xcassets */,
				04B0362A1BAE9FBE00237344 /* LaunchScreen.xib */,
				04B0361B1BAE9FBE00237344 /* Supporting Files */,
			);
			path = CrazyDrag;
			sourceTree = "<group>";
		};
		04B0361B1BAE9FBE00237344 /* Supporting Files */ = {
			isa = PBXGroup;
			children = (
				04B0361F1BAE9FBE00237344 /* AppDelegate.h */,
				04B036201BAE9FBE00237344 /* AppDelegate.m */,
				04B0361C1BAE9FBE00237344 /* Info.plist */,
				04B0361D1BAE9FBE00237344 /* main.m */,
			);
			name = "Supporting Files";
			sourceTree = "<group>";
		};
		04B036341BAE9FBE00237344 /* CrazyDragTests */ = {
			isa = PBXGroup;
			children = (
				04B036371BAE9FBE00237344 /* CrazyDragTests.m */,
				04B036351BAE9FBE00237344 /* Supporting Files */,
			);
			path = CrazyDragTests;
			sourceTree = "<group>";
		};
		04B036351BAE9FBE00237344 /* Supporting Files */ = {
			isa = PBXGroup;
			children = (
				04B036361BAE9FBE00237344 /* Info.plist */,
			);
			name = "Supporting Files";
			sourceTree = "<group>";
		};
/* End PBXGroup section */

/* Begin PBXNativeTarget section */
		04B036171BAE9FBE00237344 /* CrazyDrag */ = {
			isa = PBXNativeTarget;
			buildConfigurationList = 04B0363B1BAE9FBE00237344 /* Build configuration list for PBXNativeTarget "CrazyDrag" */;
			buildPhases = (
				04B036141BAE9FBE00237344 /* Sources */,
				04B036151BAE9FBE00237344 /* Frameworks */,
				04B036161BAE9FBE00237344 /* Resources */,
			);
			buildRules = (
			);
			dependencies = (
			);
			name = CrazyDrag;
			productName = CrazyDrag;
			productReference = 04B036181BAE9FBE00237344 /* CrazyDrag.app */;
			productType = "com.apple.product-type.application";
		};
		04B036301BAE9FBE00237344 /* CrazyDragTests */ = {
			isa = PBXNativeTarget;
			buildConfigurationList = 04B0363E1BAE9FBE00237344 /* Build configuration list for PBXNativeTarget "CrazyDragTests" */;
			buildPhases = (
				04B0362D1BAE9FBE00237344 /* Sources */,
				04B0362E1BAE9FBE00237344 /* Frameworks */,
				04B0362F1BAE9FBE00237344 /* Resources */,
			);
			buildRules = (
			);
			dependencies = (
				04B036331BAE9FBE00237344 /* PBXTargetDependency */,
			);
			name = CrazyDragTests;
			productName = CrazyDragTests;
			productReference = 04B036311BAE9FBE00237344 /* CrazyDragTests.xctest */;
			productType = "com.apple.product-type.bundle.unit-test";
		};
/* End PBXNativeTarget section */

/* Begin PBXProject section */
		04B036101BAE9FBE00237344 /* Project object */ = {
			isa = PBXProject;
			attributes = {
				LastUpgradeCheck = 0630;
				ORGANIZATIONNAME = Jason;
				TargetAttributes = {
					04B036171BAE9FBE00237344 = {
						CreatedOnToolsVersion = 6.3;
					};
					04B036301BAE9FBE00237344 = {
						CreatedOnToolsVersion = 6.3;
						TestTargetID = 04B036171BAE9FBE00237344;
					};
				};
			};
			buildConfigurationList = 04B036131BAE9FBE00237344 /* Build configuration list for PBXProject "CrazyDrag" */;
			compatibilityVersion = "Xcode 3.2";
			developmentRegion = English;
			hasScannedForEncodings = 0;
			knownRegions = (
				en,
				Base,
			);
			mainGroup = 04B0360F1BAE9FBE00237344;
			productRefGroup = 04B036191BAE9FBE00237344 /* Products */;
			projectDirPath = "";
			projectRoot = "";
			targets = (
				04B036171BAE9FBE00237344 /* CrazyDrag */,
				04B036301BAE9FBE00237344 /* CrazyDragTests */,
			);
		};
/* End PBXProject section */

/* Begin PBXResourcesBuildPhase section */
		04B036161BAE9FBE00237344 /* Resources */ = {
			isa = PBXResourcesBuildPhase;
			buildActionMask = 2147483647;
			files = (
				04B036271BAE9FBE00237344 /* Main.storyboard in Resources */,
				04B0362C1BAE9FBE00237344 /* LaunchScreen.xib in Resources */,
				04B0364D1BAEE50800237344 /* AboutViewController.xib in Resources */,
				04B036291BAE9FBE00237344 /* Images.xcassets in Resources */,
			);
			runOnlyForDeploymentPostprocessing = 0;
		};
		04B0362F1BAE9FBE00237344 /* Resources */ = {
			isa = PBXResourcesBuildPhase;
			buildActionMask = 2147483647;
			files = (
			);
			runOnlyForDeploymentPostprocessing = 0;
		};
/* End PBXResourcesBuildPhase section */

/* Begin PBXSourcesBuildPhase section */
		04B036141BAE9FBE00237344 /* Sources */ = {
			isa = PBXSourcesBuildPhase;
			buildActionMask = 2147483647;
			files = (
				04B036241BAE9FBE00237344 /* ViewController.m in Sources */,
				04B036211BAE9FBE00237344 /* AppDelegate.m in Sources */,
				04B0364C1BAEE50800237344 /* AboutViewController.m in Sources */,
				04B0361E1BAE9FBE00237344 /* main.m in Sources */,
			);
			runOnlyForDeploymentPostprocessing = 0;
		};
		04B0362D1BAE9FBE00237344 /* Sources */ = {
			isa = PBXSourcesBuildPhase;
			buildActionMask = 2147483647;
			files = (
				04B036381BAE9FBE00237344 /* CrazyDragTests.m in Sources */,
			);
			runOnlyForDeploymentPostprocessing = 0;
		};
/* End PBXSourcesBuildPhase section */

/* Begin PBXTargetDependency section */
		04B036331BAE9FBE00237344 /* PBXTargetDependency */ = {
			isa = PBXTargetDependency;
			target = 04B036171BAE9FBE00237344 /* CrazyDrag */;
			targetProxy = 04B036321BAE9FBE00237344 /* PBXContainerItemProxy */;
		};
/* End PBXTargetDependency section */

/* Begin PBXVariantGroup section */
		04B036251BAE9FBE00237344 /* Main.storyboard */ = {
			isa = PBXVariantGroup;
			children = (
				04B036261BAE9FBE00237344 /* Base */,
			);
			name = Main.storyboard;
			sourceTree = "<group>";
		};
		04B0362A1BAE9FBE00237344 /* LaunchScreen.xib */ = {
			isa = PBXVariantGroup;
			children = (
				04B0362B1BAE9FBE00237344 /* Base */,
			);
			name = LaunchScreen.xib;
			sourceTree = "<group>";
		};
/* End PBXVariantGroup section */

/* Begin XCBuildConfiguration section */
		04B036391BAE9FBE00237344 /* Debug */ = {
			isa = XCBuildConfiguration;
			buildSettings = {
				ALWAYS_SEARCH_USER_PATHS = NO;
				CLANG_CXX_LANGUAGE_STANDARD = "gnu++0x";
				CLANG_CXX_LIBRARY = "libc++";
				CLANG_ENABLE_MODULES = YES;
				CLANG_ENABLE_OBJC_ARC = YES;
				CLANG_WARN_BOOL_CONVERSION = YES;
				CLANG_WARN_CONSTANT_CONVERSION = YES;
				CLANG_WARN_DIRECT_OBJC_ISA_USAGE = YES_ERROR;
				CLANG_WARN_EMPTY_BODY = YES;
				CLANG_WARN_ENUM_CONVERSION = YES;
				CLANG_WARN_INT_CONVERSION = YES;
				CLANG_WARN_OBJC_ROOT_CLASS = YES_ERROR;
				CLANG_WARN_UNREACHABLE_CODE = YES;
				CLANG_WARN__DUPLICATE_METHOD_MATCH = YES;
				"CODE_SIGN_IDENTITY[sdk=iphoneos*]" = "iPhone Developer";
				COPY_PHASE_STRIP = NO;
				DEBUG_INFORMATION_FORMAT = "dwarf-with-dsym";
				ENABLE_STRICT_OBJC_MSGSEND = YES;
				GCC_C_LANGUAGE_STANDARD = gnu99;
				GCC_DYNAMIC_NO_PIC = NO;
				GCC_NO_COMMON_BLOCKS = YES;
				GCC_OPTIMIZATION_LEVEL = 0;
				GCC_PREPROCESSOR_DEFINITIONS = (
					"DEBUG=1",
					"$(inherited)",
				);
				GCC_SYMBOLS_PRIVATE_EXTERN = NO;
				GCC_WARN_64_TO_32_BIT_CONVERSION = YES;
				GCC_WARN_ABOUT_RETURN_TYPE = YES_ERROR;
				GCC_WARN_UNDECLARED_SELECTOR = YES;
				GCC_WARN_UNINITIALIZED_AUTOS = YES_AGGRESSIVE;
				GCC_WARN_UNUSED_FUNCTION = YES;
				GCC_WARN_UNUSED_VARIABLE = YES;
				IPHONEOS_DEPLOYMENT_TARGET = 8.3;
				MTL_ENABLE_DEBUG_INFO = YES;
				ONLY_ACTIVE_ARCH = YES;
				SDKROOT = iphoneos;
			};
			name = Debug;
		};
		04B0363A1BAE9FBE00237344 /* Release */ = {
			isa = XCBuildConfiguration;
			buildSettings = {
				ALWAYS_SEARCH_USER_PATHS = NO;
				CLANG_CXX_LANGUAGE_STANDARD = "gnu++0x";
				CLANG_CXX_LIBRARY = "libc++";
				CLANG_ENABLE_MODULES = YES;
				CLANG_ENABLE_OBJC_ARC = YES;
				CLANG_WARN_BOOL_CONVERSION = YES;
				CLANG_WARN_CONSTANT_CONVERSION = YES;
				CLANG_WARN_DIRECT_OBJC_ISA_USAGE = YES_ERROR;
				CLANG_WARN_EMPTY_BODY = YES;
				CLANG_WARN_ENUM_CONVERSION = YES;
				CLANG_WARN_INT_CONVERSION = YES;
				CLANG_WARN_OBJC_ROOT_CLASS = YES_ERROR;
				CLANG_WARN_UNREACHABLE_CODE = YES;
				CLANG_WARN__DUPLICATE_METHOD_MATCH = YES;
				"CODE_SIGN_IDENTITY[sdk=iphoneos*]" = "iPhone Developer";
				COPY_PHASE_STRIP = NO;
				DEBUG_INFORMATION_FORMAT = "dwarf-with-dsym";
				ENABLE_NS_ASSERTIONS = NO;
				ENABLE_STRICT_OBJC_MSGSEND = YES;
				GCC_C_LANGUAGE_STANDARD = gnu99;
				GCC_NO_COMMON_BLOCKS = YES;
				GCC_WARN_64_TO_32_BIT_CONVERSION = YES;
				GCC_WARN_ABOUT_RETURN_TYPE = YES_ERROR;
				GCC_WARN_UNDECLARED_SELECTOR = YES;
				GCC_WARN_UNINITIALIZED_AUTOS = YES_AGGRESSIVE;
				GCC_WARN_UNUSED_FUNCTION = YES;
				GCC_WARN_UNUSED_VARIABLE = YES;
				IPHONEOS_DEPLOYMENT_TARGET = 8.3;
				MTL_ENABLE_DEBUG_INFO = NO;
				SDKROOT = iphoneos;
				VALIDATE_PRODUCT = YES;
			};
			name = Release;
		};
		04B0363C1BAE9FBE00237344 /* Debug */ = {
			isa = XCBuildConfiguration;
			buildSettings = {
				ASSETCATALOG_COMPILER_APPICON_NAME = AppIcon;
				INFOPLIST_FILE = CrazyDrag/Info.plist;
				IPHONEOS_DEPLOYMENT_TARGET = 8.0;
				LD_RUNPATH_SEARCH_PATHS = "$(inherited) @executable_path/Frameworks";
				PRODUCT_NAME = "$(TARGET_NAME)";
			};
			name = Debug;
		};
		04B0363D1BAE9FBE00237344 /* Release */ = {
			isa = XCBuildConfiguration;
			buildSettings = {
				ASSETCATALOG_COMPILER_APPICON_NAME = AppIcon;
				INFOPLIST_FILE = CrazyDrag/Info.plist;
				IPHONEOS_DEPLOYMENT_TARGET = 8.0;
				LD_RUNPATH_SEARCH_PATHS = "$(inherited) @executable_path/Frameworks";
				PRODUCT_NAME = "$(TARGET_NAME)";
			};
			name = Release;
		};
		04B0363F1BAE9FBE00237344 /* Debug */ = {
			isa = XCBuildConfiguration;
			buildSettings = {
				BUNDLE_LOADER = "$(TEST_HOST)";
				FRAMEWORK_SEARCH_PATHS = (
					"$(SDKROOT)/Developer/Library/Frameworks",
					"$(inherited)",
				);
				GCC_PREPROCESSOR_DEFINITIONS = (
					"DEBUG=1",
					"$(inherited)",
				);
				INFOPLIST_FILE = CrazyDragTests/Info.plist;
				LD_RUNPATH_SEARCH_PATHS = "$(inherited) @executable_path/Frameworks @loader_path/Frameworks";
				PRODUCT_NAME = "$(TARGET_NAME)";
				TEST_HOST = "$(BUILT_PRODUCTS_DIR)/CrazyDrag.app/CrazyDrag";
			};
			name = Debug;
		};
		04B036401BAE9FBE00237344 /* Release */ = {
			isa = XCBuildConfiguration;
			buildSettings = {
				BUNDLE_LOADER = "$(TEST_HOST)";
				FRAMEWORK_SEARCH_PATHS = (
					"$(SDKROOT)/Developer/Library/Frameworks",
					"$(inherited)",
				);
				INFOPLIST_FILE = CrazyDragTests/Info.plist;
				LD_RUNPATH_SEARCH_PATHS = "$(inherited) @executable_path/Frameworks @loader_path/Frameworks";
				PRODUCT_NAME = "$(TARGET_NAME)";
				TEST_HOST = "$(BUILT_PRODUCTS_DIR)/CrazyDrag.app/CrazyDrag";
			};
			name = Release;
		};
/* End XCBuildConfiguration section */

/* Begin XCConfigurationList section */
		04B036131BAE9FBE00237344 /* Build configuration list for PBXProject "CrazyDrag" */ = {
			isa = XCConfigurationList;
			buildConfigurations = (
				04B036391BAE9FBE00237344 /* Debug */,
				04B0363A1BAE9FBE00237344 /* Release */,
			);
			defaultConfigurationIsVisible = 0;
			defaultConfigurationName = Release;
		};
		04B0363B1BAE9FBE00237344 /* Build configuration list for PBXNativeTarget "CrazyDrag" */ = {
			isa = XCConfigurationList;
			buildConfigurations = (
				04B0363C1BAE9FBE00237344 /* Debug */,
				04B0363D1BAE9FBE00237344 /* Release */,
			);
			defaultConfigurationIsVisible = 0;
			defaultConfigurationName = Release;
		};
		04B0363E1BAE9FBE00237344 /* Build configuration list for PBXNativeTarget "CrazyDragTests" */ = {
			isa = XCConfigurationList;
			buildConfigurations = (
				04B0363F1BAE9FBE00237344 /* Debug */,
				04B036401BAE9FBE00237344 /* Release */,
			);
			defaultConfigurationIsVisible = 0;
			defaultConfigurationName = Release;
		};
/* End XCConfigurationList section */
	};
	rootObject = 04B036101BAE9FBE00237344 /* Project object */;
}
